
Microsoft Visual Studio Solution File, Format Version 12.00
# Visual Studio Version 16
VisualStudioVersion = 16.0.30517.126
MinimumVisualStudioVersion = 10.0.40219.1
Project("{FAE04EC0-301F-11D3-BF4B-00C04F79EFBC}") = "BuyGear", "BuyGear\BuyGear.csproj", "{D6A99D04-7C6B-478B-A6BC-9D98DEB01FC7}"
EndProject
Global
	GlobalSection(SolutionConfigurationPlatforms) = preSolution
		Debug|Any CPU = Debug|Any CPU
		Release|Any CPU = Release|Any CPU
	EndGlobalSection
	GlobalSection(ProjectConfigurationPlatforms) = postSolution
		{D6A99D04-7C6B-478B-A6BC-9D98DEB01FC7}.Debug|Any CPU.ActiveCfg = Debug|Any CPU
		{D6A99D04-7C6B-478B-A6BC-9D98DEB01FC7}.Debug|Any CPU.Build.0 = Debug|Any CPU
		{D6A99D04-7C6B-478B-A6BC-9D98DEB01FC7}.Release|Any CPU.ActiveCfg = Release|Any CPU
		{D6A99D04-7C6B-478B-A6BC-9D98DEB01FC7}.Release|Any CPU.Build.0 = Release|Any CPU
	EndGlobalSection
	GlobalSection(SolutionProperties) = preSolution
		HideSolutionNode = FALSE
	EndGlobalSection
	GlobalSection(ExtensibilityGlobals) = postSolution
		SolutionGuid = {E6D92EA2-98B4-47EB-AA6F-A5EEF081DDCE}
	EndGlobalSection
EndGlobal
